PODS:
  - DejalActivityView (1.2)
  - Dropbox-Sync-API-SDK (3.1.2)
  - NSMutableArray-Shuffle (0.4)

DEPENDENCIES:
  - DejalActivityView
  - Dropbox-Sync-API-SDK
  - NSMutableArray-Shuffle

SPEC CHECKSUMS:
  DejalActivityView: 94d85757728a02cbb32445fcf6dfba17dc1e7393
  Dropbox-Sync-API-SDK: 92652bd663984740f963ba228864542711eda148
  NSMutableArray-Shuffle: 7bdef1418775ba41a66319b9173bda756f6099be

COCOAPODS: 0.38.2
